
Microsoft Visual Studio Solution File, Format Version 12.00
# Visual Studio Version 16
VisualStudioVersion = 16.0.29613.14
MinimumVisualStudioVersion = 10.0.40219.1
Project("{FAE04EC0-301F-11D3-BF4B-00C04F79EFBC}") = "problem03", "problem03\problem03.csproj", "{F4427BC9-08AA-41F9-8A3C-B1C9444134A6}"
EndProject
Global
	GlobalSection(SolutionConfigurationPlatforms) = preSolution
		Debug|Any CPU = Debug|Any CPU
		Release|Any CPU = Release|Any CPU
	EndGlobalSection
	GlobalSection(ProjectConfigurationPlatforms) = postSolution
		{F4427BC9-08AA-41F9-8A3C-B1C9444134A6}.Debug|Any CPU.ActiveCfg = Debug|Any CPU
		{F4427BC9-08AA-41F9-8A3C-B1C9444134A6}.Debug|Any CPU.Build.0 = Debug|Any CPU
		{F4427BC9-08AA-41F9-8A3C-B1C9444134A6}.Release|Any CPU.ActiveCfg = Release|Any CPU
		{F4427BC9-08AA-41F9-8A3C-B1C9444134A6}.Release|Any CPU.Build.0 = Release|Any CPU
	EndGlobalSection
	GlobalSection(SolutionProperties) = preSolution
		HideSolutionNode = FALSE
	EndGlobalSection
	GlobalSection(ExtensibilityGlobals) = postSolution
		SolutionGuid = {3DE9E7AF-3BA7-499D-AE91-2D04B81E2941}
	EndGlobalSection
EndGlobal
